
Microsoft Visual Studio Solution File, Format Version 12.00
# Visual Studio 15
VisualStudioVersion = 15.0.28307.902
MinimumVisualStudioVersion = 10.0.40219.1
Project("{8BC9CEB8-8B4A-11D0-8D11-00A0C91BC942}") = "BaigiamasisSmuilys", "BaigiamasisSmuilys\BaigiamasisSmuilys.vcxproj", "{EAA16C1A-8330-46ED-A8CC-5F1A263F367C}"
EndProject
Global
	GlobalSection(SolutionConfigurationPlatforms) = preSolution
		Debug|x64 = Debug|x64
		Debug|x86 = Debug|x86
		Release|x64 = Release|x64
		Release|x86 = Release|x86
	EndGlobalSection
	GlobalSection(ProjectConfigurationPlatforms) = postSolution
		{EAA16C1A-8330-46ED-A8CC-5F1A263F367C}.Debug|x64.ActiveCfg = Debug|x64
		{EAA16C1A-8330-46ED-A8CC-5F1A263F367C}.Debug|x64.Build.0 = Debug|x64
		{EAA16C1A-8330-46ED-A8CC-5F1A263F367C}.Debug|x86.ActiveCfg = Debug|Win32
		{EAA16C1A-8330-46ED-A8CC-5F1A263F367C}.Debug|x86.Build.0 = Debug|Win32
		{EAA16C1A-8330-46ED-A8CC-5F1A263F367C}.Release|x64.ActiveCfg = Release|x64
		{EAA16C1A-8330-46ED-A8CC-5F1A263F367C}.Release|x64.Build.0 = Release|x64
		{EAA16C1A-8330-46ED-A8CC-5F1A263F367C}.Release|x86.ActiveCfg = Release|Win32
		{EAA16C1A-8330-46ED-A8CC-5F1A263F367C}.Release|x86.Build.0 = Release|Win32
	EndGlobalSection
	GlobalSection(SolutionProperties) = preSolution
		HideSolutionNode = FALSE
	EndGlobalSection
	GlobalSection(ExtensibilityGlobals) = postSolution
		SolutionGuid = {ED9EBBD6-70C6-4A6D-BD1F-00C577965F48}
	EndGlobalSection
EndGlobal
